// !$*UTF8*$!
{
	archiveVersion = 1;
	classes = {
	};
	objectVersion = 56;
	objects = {

/* Begin PBXBuildFile section */
		44A9C0422A61119000939786 /* AppDelegate.swift in Sources */ = {isa = PBXBuildFile; fileRef = 44A9C0412A61119000939786 /* AppDelegate.swift */; };
		44A9C0442A61119000939786 /* SceneDelegate.swift in Sources */ = {isa = PBXBuildFile; fileRef = 44A9C0432A61119000939786 /* SceneDelegate.swift */; };
		44A9C0462A61119000939786 /* ViewController.swift in Sources */ = {isa = PBXBuildFile; fileRef = 44A9C0452A61119000939786 /* ViewController.swift */; };
		44A9C04B2A61119700939786 /* Assets.xcassets in Resources */ = {isa = PBXBuildFile; fileRef = 44A9C04A2A61119700939786 /* Assets.xcassets */; };
		44A9C04E2A61119700939786 /* LaunchScreen.storyboard in Resources */ = {isa = PBXBuildFile; fileRef = 44A9C04C2A61119700939786 /* LaunchScreen.storyboard */; };
		44A9C0572A61129C00939786 /* SnapKit in Frameworks */ = {isa = PBXBuildFile; productRef = 44A9C0562A61129C00939786 /* SnapKit */; };
		44A9C0592A6112F700939786 /* Model.swift in Sources */ = {isa = PBXBuildFile; fileRef = 44A9C0582A6112F700939786 /* Model.swift */; };
		44A9C05B2A61139000939786 /* Cell.swift in Sources */ = {isa = PBXBuildFile; fileRef = 44A9C05A2A61139000939786 /* Cell.swift */; };
		44A9C05D2A6113B400939786 /* Cell2.swift in Sources */ = {isa = PBXBuildFile; fileRef = 44A9C05C2A6113B400939786 /* Cell2.swift */; };
		44A9C05F2A61143700939786 /* TabBarController.swift in Sources */ = {isa = PBXBuildFile; fileRef = 44A9C05E2A61143700939786 /* TabBarController.swift */; };
		44A9C0612A61148300939786 /* SectionHeader.swift in Sources */ = {isa = PBXBuildFile; fileRef = 44A9C0602A61148300939786 /* SectionHeader.swift */; };
		44A9C0632A6114C900939786 /* ImageOops.swift in Sources */ = {isa = PBXBuildFile; fileRef = 44A9C0622A6114C900939786 /* ImageOops.swift */; };
/* End PBXBuildFile section */

/* Begin PBXFileReference section */
		44A9C03E2A61119000939786 /* HW-14_Ruslan.app */ = {isa = PBXFileReference; explicitFileType = wrapper.application; includeInIndex = 0; path = "HW-14_Ruslan.app"; sourceTree = BUILT_PRODUCTS_DIR; };
		44A9C0412A61119000939786 /* AppDelegate.swift */ = {isa = PBXFileReference; lastKnownFileType = sourcecode.swift; path = AppDelegate.swift; sourceTree = "<group>"; };
		44A9C0432A61119000939786 /* SceneDelegate.swift */ = {isa = PBXFileReference; lastKnownFileType = sourcecode.swift; path = SceneDelegate.swift; sourceTree = "<group>"; };
		44A9C0452A61119000939786 /* ViewController.swift */ = {isa = PBXFileReference; lastKnownFileType = sourcecode.swift; path = ViewController.swift; sourceTree = "<group>"; };
		44A9C04A2A61119700939786 /* Assets.xcassets */ = {isa = PBXFileReference; lastKnownFileType = folder.assetcatalog; path = Assets.xcassets; sourceTree = "<group>"; };
		44A9C04D2A61119700939786 /* Base */ = {isa = PBXFileReference; lastKnownFileType = file.storyboard; name = Base; path = Base.lproj/LaunchScreen.storyboard; sourceTree = "<group>"; };
		44A9C04F2A61119700939786 /* Info.plist */ = {isa = PBXFileReference; lastKnownFileType = text.plist.xml; path = Info.plist; sourceTree = "<group>"; };
		44A9C0582A6112F700939786 /* Model.swift */ = {isa = PBXFileReference; lastKnownFileType = sourcecode.swift; path = Model.swift; sourceTree = "<group>"; };
		44A9C05A2A61139000939786 /* Cell.swift */ = {isa = PBXFileReference; lastKnownFileType = sourcecode.swift; path = Cell.swift; sourceTree = "<group>"; };
		44A9C05C2A6113B400939786 /* Cell2.swift */ = {isa = PBXFileReference; lastKnownFileType = sourcecode.swift; path = Cell2.swift; sourceTree = "<group>"; };
		44A9C05E2A61143700939786 /* TabBarController.swift */ = {isa = PBXFileReference; lastKnownFileType = sourcecode.swift; path = TabBarController.swift; sourceTree = "<group>"; };
		44A9C0602A61148300939786 /* SectionHeader.swift */ = {isa = PBXFileReference; lastKnownFileType = sourcecode.swift; path = SectionHeader.swift; sourceTree = "<group>"; };
		44A9C0622A6114C900939786 /* ImageOops.swift */ = {isa = PBXFileReference; fileEncoding = 4; lastKnownFileType = sourcecode.swift; path = ImageOops.swift; sourceTree = "<group>"; };
/* End PBXFileReference section */

/* Begin PBXFrameworksBuildPhase section */
		44A9C03B2A61119000939786 /* Frameworks */ = {
			isa = PBXFrameworksBuildPhase;
			buildActionMask = 2147483647;
			files = (
				44A9C0572A61129C00939786 /* SnapKit in Frameworks */,
			);
			runOnlyForDeploymentPostprocessing = 0;
		};
/* End PBXFrameworksBuildPhase section */

/* Begin PBXGroup section */
		44A9C0352A61119000939786 = {
			isa = PBXGroup;
			children = (
				44A9C0402A61119000939786 /* HW-14_Ruslan */,
				44A9C03F2A61119000939786 /* Products */,
			);
			sourceTree = "<group>";
		};
		44A9C03F2A61119000939786 /* Products */ = {
			isa = PBXGroup;
			children = (
				44A9C03E2A61119000939786 /* HW-14_Ruslan.app */,
			);
			name = Products;
			sourceTree = "<group>";
		};
		44A9C0402A61119000939786 /* HW-14_Ruslan */ = {
			isa = PBXGroup;
			children = (
				44A9C0412A61119000939786 /* AppDelegate.swift */,
				44A9C0432A61119000939786 /* SceneDelegate.swift */,
				44A9C0452A61119000939786 /* ViewController.swift */,
				44A9C05A2A61139000939786 /* Cell.swift */,
				44A9C05C2A6113B400939786 /* Cell2.swift */,
				44A9C0582A6112F700939786 /* Model.swift */,
				44A9C0602A61148300939786 /* SectionHeader.swift */,
				44A9C05E2A61143700939786 /* TabBarController.swift */,
				44A9C0622A6114C900939786 /* ImageOops.swift */,
				44A9C04A2A61119700939786 /* Assets.xcassets */,
				44A9C04C2A61119700939786 /* LaunchScreen.storyboard */,
				44A9C04F2A61119700939786 /* Info.plist */,
			);
			path = "HW-14_Ruslan";
			sourceTree = "<group>";
		};
/* End PBXGroup section */

/* Begin PBXNativeTarget section */
		44A9C03D2A61119000939786 /* HW-14_Ruslan */ = {
			isa = PBXNativeTarget;
			buildConfigurationList = 44A9C0522A61119700939786 /* Build configuration list for PBXNativeTarget "HW-14_Ruslan" */;
			buildPhases = (
				44A9C03A2A61119000939786 /* Sources */,
				44A9C03B2A61119000939786 /* Frameworks */,
				44A9C03C2A61119000939786 /* Resources */,
			);
			buildRules = (
			);
			dependencies = (
			);
			name = "HW-14_Ruslan";
			packageProductDependencies = (
				44A9C0562A61129C00939786 /* SnapKit */,
			);
			productName = "HW-14_Ruslan";
			productReference = 44A9C03E2A61119000939786 /* HW-14_Ruslan.app */;
			productType = "com.apple.product-type.application";
		};
/* End PBXNativeTarget section */

/* Begin PBXProject section */
		44A9C0362A61119000939786 /* Project object */ = {
			isa = PBXProject;
			attributes = {
				BuildIndependentTargetsInParallel = 1;
				LastSwiftUpdateCheck = 1420;
				LastUpgradeCheck = 1420;
				TargetAttributes = {
					44A9C03D2A61119000939786 = {
						CreatedOnToolsVersion = 14.2;
					};
				};
			};
			buildConfigurationList = 44A9C0392A61119000939786 /* Build configuration list for PBXProject "HW-14_Ruslan" */;
			compatibilityVersion = "Xcode 14.0";
			developmentRegion = en;
			hasScannedForEncodings = 0;
			knownRegions = (
				en,
				Base,
			);
			mainGroup = 44A9C0352A61119000939786;
			packageReferences = (
				44A9C0552A61129C00939786 /* XCRemoteSwiftPackageReference "SnapKit" */,
			);
			productRefGroup = 44A9C03F2A61119000939786 /* Products */;
			projectDirPath = "";
			projectRoot = "";
			targets = (
				44A9C03D2A61119000939786 /* HW-14_Ruslan */,
			);
		};
/* End PBXProject section */

/* Begin PBXResourcesBuildPhase section */
		44A9C03C2A61119000939786 /* Resources */ = {
			isa = PBXResourcesBuildPhase;
			buildActionMask = 2147483647;
			files = (
				44A9C04E2A61119700939786 /* LaunchScreen.storyboard in Resources */,
				44A9C04B2A61119700939786 /* Assets.xcassets in Resources */,
			);
			runOnlyForDeploymentPostprocessing = 0;
		};
/* End PBXResourcesBuildPhase section */

/* Begin PBXSourcesBuildPhase section */
		44A9C03A2A61119000939786 /* Sources */ = {
			isa = PBXSourcesBuildPhase;
			buildActionMask = 2147483647;
			files = (
				44A9C05D2A6113B400939786 /* Cell2.swift in Sources */,
				44A9C0462A61119000939786 /* ViewController.swift in Sources */,
				44A9C0422A61119000939786 /* AppDelegate.swift in Sources */,
				44A9C05B2A61139000939786 /* Cell.swift in Sources */,
				44A9C0612A61148300939786 /* SectionHeader.swift in Sources */,
				44A9C0632A6114C900939786 /* ImageOops.swift in Sources */,
				44A9C05F2A61143700939786 /* TabBarController.swift in Sources */,
				44A9C0442A61119000939786 /* SceneDelegate.swift in Sources */,
				44A9C0592A6112F700939786 /* Model.swift in Sources */,
			);
			runOnlyForDeploymentPostprocessing = 0;
		};
/* End PBXSourcesBuildPhase section */

/* Begin PBXVariantGroup section */
		44A9C04C2A61119700939786 /* LaunchScreen.storyboard */ = {
			isa = PBXVariantGroup;
			children = (
				44A9C04D2A61119700939786 /* Base */,
			);
			name = LaunchScreen.storyboard;
			sourceTree = "<group>";
		};
/* End PBXVariantGroup section */

/* Begin XCBuildConfiguration section */
		44A9C0502A61119700939786 /* Debug */ = {
			isa = XCBuildConfiguration;
			buildSettings = {
				ALWAYS_SEARCH_USER_PATHS = NO;
				CLANG_ANALYZER_NONNULL = YES;
				CLANG_ANALYZER_NUMBER_OBJECT_CONVERSION = YES_AGGRESSIVE;
				CLANG_CXX_LANGUAGE_STANDARD = "gnu++20";
				CLANG_ENABLE_MODULES = YES;
				CLANG_ENABLE_OBJC_ARC = YES;
				CLANG_ENABLE_OBJC_WEAK = YES;
				CLANG_WARN_BLOCK_CAPTURE_AUTORELEASING = YES;
				CLANG_WARN_BOOL_CONVERSION = YES;
				CLANG_WARN_COMMA = YES;
				CLANG_WARN_CONSTANT_CONVERSION = YES;
				CLANG_WARN_DEPRECATED_OBJC_IMPLEMENTATIONS = YES;
				CLANG_WARN_DIRECT_OBJC_ISA_USAGE = YES_ERROR;
				CLANG_WARN_DOCUMENTATION_COMMENTS = YES;
				CLANG_WARN_EMPTY_BODY = YES;
				CLANG_WARN_ENUM_CONVERSION = YES;
				CLANG_WARN_INFINITE_RECURSION = YES;
				CLANG_WARN_INT_CONVERSION = YES;
				CLANG_WARN_NON_LITERAL_NULL_CONVERSION = YES;
				CLANG_WARN_OBJC_IMPLICIT_RETAIN_SELF = YES;
				CLANG_WARN_OBJC_LITERAL_CONVERSION = YES;
				CLANG_WARN_OBJC_ROOT_CLASS = YES_ERROR;
				CLANG_WARN_QUOTED_INCLUDE_IN_FRAMEWORK_HEADER = YES;
				CLANG_WARN_RANGE_LOOP_ANALYSIS = YES;
				CLANG_WARN_STRICT_PROTOTYPES = YES;
				CLANG_WARN_SUSPICIOUS_MOVE = YES;
				CLANG_WARN_UNGUARDED_AVAILABILITY = YES_AGGRESSIVE;
				CLANG_WARN_UNREACHABLE_CODE = YES;
				CLANG_WARN__DUPLICATE_METHOD_MATCH = YES;
				COPY_PHASE_STRIP = NO;
				DEBUG_INFORMATION_FORMAT = dwarf;
				ENABLE_STRICT_OBJC_MSGSEND = YES;
				ENABLE_TESTABILITY = YES;
				GCC_C_LANGUAGE_STANDARD = gnu11;
				GCC_DYNAMIC_NO_PIC = NO;
				GCC_NO_COMMON_BLOCKS = YES;
				GCC_OPTIMIZATION_LEVEL = 0;
				GCC_PREPROCESSOR_DEFINITIONS = (
					"DEBUG=1",
					"$(inherited)",
				);
				GCC_WARN_64_TO_32_BIT_CONVERSION = YES;
				GCC_WARN_ABOUT_RETURN_TYPE = YES_ERROR;
				GCC_WARN_UNDECLARED_SELECTOR = YES;
				GCC_WARN_UNINITIALIZED_AUTOS = YES_AGGRESSIVE;
				GCC_WARN_UNUSED_FUNCTION = YES;
				GCC_WARN_UNUSED_VARIABLE = YES;
				IPHONEOS_DEPLOYMENT_TARGET = 16.2;
				MTL_ENABLE_DEBUG_INFO = INCLUDE_SOURCE;
				MTL_FAST_MATH = YES;
				ONLY_ACTIVE_ARCH = YES;
				SDKROOT = iphoneos;
				SWIFT_ACTIVE_COMPILATION_CONDITIONS = DEBUG;
				SWIFT_OPTIMIZATION_LEVEL = "-Onone";
			};
			name = Debug;
		};
		44A9C0512A61119700939786 /* Release */ = {
			isa = XCBuildConfiguration;
			buildSettings = {
				ALWAYS_SEARCH_USER_PATHS = NO;
				CLANG_ANALYZER_NONNULL = YES;
				CLANG_ANALYZER_NUMBER_OBJECT_CONVERSION = YES_AGGRESSIVE;
				CLANG_CXX_LANGUAGE_STANDARD = "gnu++20";
				CLANG_ENABLE_MODULES = YES;
				CLANG_ENABLE_OBJC_ARC = YES;
				CLANG_ENABLE_OBJC_WEAK = YES;
				CLANG_WARN_BLOCK_CAPTURE_AUTORELEASING = YES;
				CLANG_WARN_BOOL_CONVERSION = YES;
				CLANG_WARN_COMMA = YES;
				CLANG_WARN_CONSTANT_CONVERSION = YES;
				CLANG_WARN_DEPRECATED_OBJC_IMPLEMENTATIONS = YES;
				CLANG_WARN_DIRECT_OBJC_ISA_USAGE = YES_ERROR;
				CLANG_WARN_DOCUMENTATION_COMMENTS = YES;
				CLANG_WARN_EMPTY_BODY = YES;
				CLANG_WARN_ENUM_CONVERSION = YES;
				CLANG_WARN_INFINITE_RECURSION = YES;
				CLANG_WARN_INT_CONVERSION = YES;
				CLANG_WARN_NON_LITERAL_NULL_CONVERSION = YES;
				CLANG_WARN_OBJC_IMPLICIT_RETAIN_SELF = YES;
				CLANG_WARN_OBJC_LITERAL_CONVERSION = YES;
				CLANG_WARN_OBJC_ROOT_CLASS = YES_ERROR;
				CLANG_WARN_QUOTED_INCLUDE_IN_FRAMEWORK_HEADER = YES;
				CLANG_WARN_RANGE_LOOP_ANALYSIS = YES;
				CLANG_WARN_STRICT_PROTOTYPES = YES;
				CLANG_WARN_SUSPICIOUS_MOVE = YES;
				CLANG_WARN_UNGUARDED_AVAILABILITY = YES_AGGRESSIVE;
				CLANG_WARN_UNREACHABLE_CODE = YES;
				CLANG_WARN__DUPLICATE_METHOD_MATCH = YES;
				COPY_PHASE_STRIP = NO;
				DEBUG_INFORMATION_FORMAT = "dwarf-with-dsym";
				ENABLE_NS_ASSERTIONS = NO;
				ENABLE_STRICT_OBJC_MSGSEND = YES;
				GCC_C_LANGUAGE_STANDARD = gnu11;
				GCC_NO_COMMON_BLOCKS = YES;
				GCC_WARN_64_TO_32_BIT_CONVERSION = YES;
				GCC_WARN_ABOUT_RETURN_TYPE = YES_ERROR;
				GCC_WARN_UNDECLARED_SELECTOR = YES;
				GCC_WARN_UNINITIALIZED_AUTOS = YES_AGGRESSIVE;
				GCC_WARN_UNUSED_FUNCTION = YES;
				GCC_WARN_UNUSED_VARIABLE = YES;
				IPHONEOS_DEPLOYMENT_TARGET = 16.2;
				MTL_ENABLE_DEBUG_INFO = NO;
				MTL_FAST_MATH = YES;
				SDKROOT = iphoneos;
				SWIFT_COMPILATION_MODE = wholemodule;
				SWIFT_OPTIMIZATION_LEVEL = "-O";
				VALIDATE_PRODUCT = YES;
			};
			name = Release;
		};
		44A9C0532A61119700939786 /* Debug */ = {
			isa = XCBuildConfiguration;
			buildSettings = {
				ASSETCATALOG_COMPILER_APPICON_NAME = AppIcon;
				ASSETCATALOG_COMPILER_GLOBAL_ACCENT_COLOR_NAME = AccentColor;
				CODE_SIGN_STYLE = Automatic;
				CURRENT_PROJECT_VERSION = 1;
				DEVELOPMENT_TEAM = RCXMV2S759;
				GENERATE_INFOPLIST_FILE = YES;
				INFOPLIST_FILE = "HW-14_Ruslan/Info.plist";
				INFOPLIST_KEY_UIApplicationSupportsIndirectInputEvents = YES;
				INFOPLIST_KEY_UILaunchStoryboardName = LaunchScreen;
				INFOPLIST_KEY_UISupportedInterfaceOrientations_iPad = "UIInterfaceOrientationPortrait UIInterfaceOrientationPortraitUpsideDown UIInterfaceOrientationLandscapeLeft UIInterfaceOrientationLandscapeRight";
				INFOPLIST_KEY_UISupportedInterfaceOrientations_iPhone = "UIInterfaceOrientationPortrait UIInterfaceOrientationLandscapeLeft UIInterfaceOrientationLandscapeRight";
				LD_RUNPATH_SEARCH_PATHS = (
					"$(inherited)",
					"@executable_path/Frameworks",
				);
				MARKETING_VERSION = 1.0;
				PRODUCT_BUNDLE_IDENTIFIER = "-.HW-14-Ruslan";
				PRODUCT_NAME = "$(TARGET_NAME)";
				SWIFT_EMIT_LOC_STRINGS = YES;
				SWIFT_VERSION = 5.0;
				TARGETED_DEVICE_FAMILY = "1,2";
			};
			name = Debug;
		};
		44A9C0542A61119700939786 /* Release */ = {
			isa = XCBuildConfiguration;
			buildSettings = {
				ASSETCATALOG_COMPILER_APPICON_NAME = AppIcon;
				ASSETCATALOG_COMPILER_GLOBAL_ACCENT_COLOR_NAME = AccentColor;
				CODE_SIGN_STYLE = Automatic;
				CURRENT_PROJECT_VERSION = 1;
				DEVELOPMENT_TEAM = RCXMV2S759;
				GENERATE_INFOPLIST_FILE = YES;
				INFOPLIST_FILE = "HW-14_Ruslan/Info.plist";
				INFOPLIST_KEY_UIApplicationSupportsIndirectInputEvents = YES;
				INFOPLIST_KEY_UILaunchStoryboardName = LaunchScreen;
				INFOPLIST_KEY_UISupportedInterfaceOrientations_iPad = "UIInterfaceOrientationPortrait UIInterfaceOrientationPortraitUpsideDown UIInterfaceOrientationLandscapeLeft UIInterfaceOrientationLandscapeRight";
				INFOPLIST_KEY_UISupportedInterfaceOrientations_iPhone = "UIInterfaceOrientationPortrait UIInterfaceOrientationLandscapeLeft UIInterfaceOrientationLandscapeRight";
				LD_RUNPATH_SEARCH_PATHS = (
					"$(inherited)",
					"@executable_path/Frameworks",
				);
				MARKETING_VERSION = 1.0;
				PRODUCT_BUNDLE_IDENTIFIER = "-.HW-14-Ruslan";
				PRODUCT_NAME = "$(TARGET_NAME)";
				SWIFT_EMIT_LOC_STRINGS = YES;
				SWIFT_VERSION = 5.0;
				TARGETED_DEVICE_FAMILY = "1,2";
			};
			name = Release;
		};
/* End XCBuildConfiguration section */

/* Begin XCConfigurationList section */
		44A9C0392A61119000939786 /* Build configuration list for PBXProject "HW-14_Ruslan" */ = {
			isa = XCConfigurationList;
			buildConfigurations = (
				44A9C0502A61119700939786 /* Debug */,
				44A9C0512A61119700939786 /* Release */,
			);
			defaultConfigurationIsVisible = 0;
			defaultConfigurationName = Release;
		};
		44A9C0522A61119700939786 /* Build configuration list for PBXNativeTarget "HW-14_Ruslan" */ = {
			isa = XCConfigurationList;
			buildConfigurations = (
				44A9C0532A61119700939786 /* Debug */,
				44A9C0542A61119700939786 /* Release */,
			);
			defaultConfigurationIsVisible = 0;
			defaultConfigurationName = Release;
		};
/* End XCConfigurationList section */

/* Begin XCRemoteSwiftPackageReference section */
		44A9C0552A61129C00939786 /* XCRemoteSwiftPackageReference "SnapKit" */ = {
			isa = XCRemoteSwiftPackageReference;
			repositoryURL = "https://github.com/SnapKit/SnapKit.git";
			requirement = {
				branch = develop;
				kind = branch;
			};
		};
/* End XCRemoteSwiftPackageReference section */

/* Begin XCSwiftPackageProductDependency section */
		44A9C0562A61129C00939786 /* SnapKit */ = {
			isa = XCSwiftPackageProductDependency;
			package = 44A9C0552A61129C00939786 /* XCRemoteSwiftPackageReference "SnapKit" */;
			productName = SnapKit;
		};
/* End XCSwiftPackageProductDependency section */
	};
	rootObject = 44A9C0362A61119000939786 /* Project object */;
}
